
Microsoft Visual Studio Solution File, Format Version 12.00
# Visual Studio Version 16
VisualStudioVersion = 16.0.31605.320
MinimumVisualStudioVersion = 10.0.40219.1
Project("{FAE04EC0-301F-11D3-BF4B-00C04F79EFBC}") = "AccessSpecifier1", "AccessSpecifier1\AccessSpecifier1.csproj", "{688CD7DB-0915-457F-9AC8-71C1D19B6B5B}"
EndProject
Project("{FAE04EC0-301F-11D3-BF4B-00C04F79EFBC}") = "Assembly1", "Assembly1\Assembly1.csproj", "{E5972F33-F5EA-4E8C-B042-A9BEFE1D8F46}"
EndProject
Project("{FAE04EC0-301F-11D3-BF4B-00C04F79EFBC}") = "Assembly2", "Assembly2\Assembly2.csproj", "{22D3CC35-4A46-4DED-B0B2-07849D9E9CB9}"
EndProject
Global
	GlobalSection(SolutionConfigurationPlatforms) = preSolution
		Debug|Any CPU = Debug|Any CPU
		Release|Any CPU = Release|Any CPU
	EndGlobalSection
	GlobalSection(ProjectConfigurationPlatforms) = postSolution
		{688CD7DB-0915-457F-9AC8-71C1D19B6B5B}.Debug|Any CPU.ActiveCfg = Debug|Any CPU
		{688CD7DB-0915-457F-9AC8-71C1D19B6B5B}.Debug|Any CPU.Build.0 = Debug|Any CPU
		{688CD7DB-0915-457F-9AC8-71C1D19B6B5B}.Release|Any CPU.ActiveCfg = Release|Any CPU
		{688CD7DB-0915-457F-9AC8-71C1D19B6B5B}.Release|Any CPU.Build.0 = Release|Any CPU
		{E5972F33-F5EA-4E8C-B042-A9BEFE1D8F46}.Debug|Any CPU.ActiveCfg = Debug|Any CPU
		{E5972F33-F5EA-4E8C-B042-A9BEFE1D8F46}.Debug|Any CPU.Build.0 = Debug|Any CPU
		{E5972F33-F5EA-4E8C-B042-A9BEFE1D8F46}.Release|Any CPU.ActiveCfg = Release|Any CPU
		{E5972F33-F5EA-4E8C-B042-A9BEFE1D8F46}.Release|Any CPU.Build.0 = Release|Any CPU
		{22D3CC35-4A46-4DED-B0B2-07849D9E9CB9}.Debug|Any CPU.ActiveCfg = Debug|Any CPU
		{22D3CC35-4A46-4DED-B0B2-07849D9E9CB9}.Debug|Any CPU.Build.0 = Debug|Any CPU
		{22D3CC35-4A46-4DED-B0B2-07849D9E9CB9}.Release|Any CPU.ActiveCfg = Release|Any CPU
		{22D3CC35-4A46-4DED-B0B2-07849D9E9CB9}.Release|Any CPU.Build.0 = Release|Any CPU
	EndGlobalSection
	GlobalSection(SolutionProperties) = preSolution
		HideSolutionNode = FALSE
	EndGlobalSection
	GlobalSection(ExtensibilityGlobals) = postSolution
		SolutionGuid = {7A6D2291-31AF-4CAD-8F3C-86DE4B61593F}
	EndGlobalSection
EndGlobal
